# THIS IS AN AUTOGENERATED FILE. DO NOT EDIT THIS FILE DIRECTLY.
# yarn lockfile v1


"@w20/w20-components@2.3.2":
  version "2.3.2"
  resolved "https://registry.yarnpkg.com/@w20/w20-components/-/w20-components-2.3.2.tgz#5526d18b52c3c98d4c3501affa47056f84c816fd"
  dependencies:
    "@w20/w20" "^2.4.6"
    angular-formly "^8.4.1"
    angular-ui-grid "^4.6.2"
    api-check "^7.5.5"
    ui-select "^0.19.8"

"@w20/w20@^2.4.6":
  version "2.4.6"
  resolved "https://registry.yarnpkg.com/@w20/w20/-/w20-2.4.6.tgz#433ede4cf2de832e54e34a59fecac8eeef2b2236"
  dependencies:
    angular "^1.7.1"
    angular-animate "^1.7.1"
    angular-aria "^1.7.1"
    angular-cookies "^1.7.1"
    angular-message-format "^1.7.1"
    angular-messages "^1.7.1"
    angular-resource "^1.7.1"
    angular-route "^1.7.1"
    angular-sanitize "^1.7.1"
    angular-touch "^1.7.1"
    globalize "^0.1.1"
    jgrowl "^1.4.6"
    jquery "^3.0.0"
    lodash "^4.17.10"
    require-css "^0.1.10"
    requirejs "^2.1.22"
    requirejs-text "^2.0.15"
    tv4 "^1.3.0"
    uri-templates "^0.2.0"

angular-animate@^1.7.1:
  version "1.7.2"
  resolved "https://registry.yarnpkg.com/angular-animate/-/angular-animate-1.7.2.tgz#48d1d22caf0057b57b50f882b68d51c297aa7747"

angular-aria@^1.7.1:
  version "1.7.2"
  resolved "https://registry.yarnpkg.com/angular-aria/-/angular-aria-1.7.2.tgz#68cb3d15aece7a22517b1fe3e00d9d3807ceca88"

angular-cookies@^1.7.1:
  version "1.7.2"
  resolved "https://registry.yarnpkg.com/angular-cookies/-/angular-cookies-1.7.2.tgz#cba3a9181d2a48c2d8195ff7fe329055fba970ba"

angular-formly@^8.4.1:
  version "8.4.1"
  resolved "https://registry.yarnpkg.com/angular-formly/-/angular-formly-8.4.1.tgz#5f89c8a1bef42ba0139f3a8a0d5b2c93713601af"

angular-message-format@^1.7.1:
  version "1.7.2"
  resolved "https://registry.yarnpkg.com/angular-message-format/-/angular-message-format-1.7.2.tgz#34c823cb3e257bd51fad1ac83e218abb47195a3d"

angular-messages@^1.7.1:
  version "1.7.2"
  resolved "https://registry.yarnpkg.com/angular-messages/-/angular-messages-1.7.2.tgz#77116d83a72a00234d8177de9837bc867321f25e"

angular-resource@^1.7.1:
  version "1.7.2"
  resolved "https://registry.yarnpkg.com/angular-resource/-/angular-resource-1.7.2.tgz#36d1ddf40682b98f7a95803d63a64cc4ce5672a8"

angular-route@^1.7.1:
  version "1.7.2"
  resolved "https://registry.yarnpkg.com/angular-route/-/angular-route-1.7.2.tgz#a24b7a0c8ef09a3d4e2ca20de7f84e0e857a61ae"

angular-sanitize@^1.7.1:
  version "1.7.2"
  resolved "https://registry.yarnpkg.com/angular-sanitize/-/angular-sanitize-1.7.2.tgz#e9f6e6a3e966c479c02dbc5712bee6de031f8eef"

angular-touch@^1.7.1:
  version "1.7.2"
  resolved "https://registry.yarnpkg.com/angular-touch/-/angular-touch-1.7.2.tgz#54ba21e67520b0fbf6a1c7a7cfa45fbd8fc59ef7"

angular-ui-grid@^4.6.2:
  version "4.6.2"
  resolved "https://registry.yarnpkg.com/angular-ui-grid/-/angular-ui-grid-4.6.2.tgz#26d6bc4eff30af4a2e625ac46622c68614e4a7b6"
  dependencies:
    angular ">=1.4.0 1.7.x"

"angular@>=1.4.0 1.7.x", angular@^1.7.1:
  version "1.7.2"
  resolved "https://registry.yarnpkg.com/angular/-/angular-1.7.2.tgz#687b955dbe5c533f8d73460461707af00360251f"

api-check@^7.5.5:
  version "7.5.5"
  resolved "https://registry.yarnpkg.com/api-check/-/api-check-7.5.5.tgz#974b6d3e0ce1685d19bde22bf49d9830394c9498"

globalize@^0.1.1:
  version "0.1.1"
  resolved "https://registry.yarnpkg.com/globalize/-/globalize-0.1.1.tgz#4d04ba65a580a8b0bdcc9ed974aeb497b9c80a56"

jgrowl@^1.4.6:
  version "1.4.6"
  resolved "https://registry.yarnpkg.com/jgrowl/-/jgrowl-1.4.6.tgz#2736e332aaee73ccf0a14a5f0066391a0a13f4a3"

jquery@^3.0.0:
  version "3.5.1"
  resolved "https://registry.yarnpkg.com/jquery/-/jquery-3.5.1.tgz#d7b4d08e1bfdb86ad2f1a3d039ea17304717abb5"

lodash@^4.17.10:
  version "4.17.10"
  resolved "https://registry.yarnpkg.com/lodash/-/lodash-4.17.10.tgz#1b7793cf7259ea38fb3661d4d38b3260af8ae4e7"

require-css@^0.1.10:
  version "0.1.10"
  resolved "https://registry.yarnpkg.com/require-css/-/require-css-0.1.10.tgz#f1db8c6cfb2ad2a3a7409166cc6cf99b0d3f4502"

requirejs-text@^2.0.15:
  version "2.0.15"
  resolved "https://registry.yarnpkg.com/requirejs-text/-/requirejs-text-2.0.15.tgz#13138733613fc4457b7e1247e8cb751df7aa5429"

requirejs@^2.1.22:
  version "2.3.5"
  resolved "https://registry.yarnpkg.com/requirejs/-/requirejs-2.3.5.tgz#617b9acbbcb336540ef4914d790323a8d4b861b0"

tv4@^1.3.0:
  version "1.3.0"
  resolved "https://registry.yarnpkg.com/tv4/-/tv4-1.3.0.tgz#d020c846fadd50c855abb25ebaecc68fc10f7963"

ui-select@^0.19.8:
  version "0.19.8"
  resolved "https://registry.yarnpkg.com/ui-select/-/ui-select-0.19.8.tgz#74860848a7fd8bc494d9856d2f62776ea98637c1"

uri-templates@^0.2.0:
  version "0.2.0"
  resolved "https://registry.yarnpkg.com/uri-templates/-/uri-templates-0.2.0.tgz#2b5784511cc909868731e9233c268097d10b499f"
